<Solution>
  <Folder Name="/Task0/">
    <Project Path="Tyuiu.LuzinDD.Sprint0.Task0.V0/Tyuiu.LuzinDD.Sprint0.Task0.V0.csproj" Id="c955630d-0d89-4dec-b714-1442977ef2c4" />
  </Folder>
  <Folder Name="/Task1/">
    <Project Path="Tyuiu.LuzinDD.Sprint0.Task1.V0/Tyuiu.LuzinDD.Sprint0.Task1.V0.csproj" Id="1ec957c7-1e13-4689-b047-2c8dd924927c" />
  </Folder>
  <Folder Name="/Task2/">
    <Project Path="Tyuiu.LuzinDD.Sprint0.Task2.V0.Lib/Tyuiu.LuzinDD.Sprint0.Task2.V0.Lib.csproj" Id="df624246-cf5a-4a2f-b5e3-e61963e20a15" />
    <Project Path="Tyuiu.LuzinDD.Sprint0.Task2.V0.Test/Tyuiu.LuzinDD.Sprint0.Task2.V0.Test.csproj" Id="b00f5f2a-4822-435c-822e-90c4d60d2cde" />
    <Project Path="Tyuiu.LuzinDD.Sprint0.Task2.V0/Tyuiu.LuzinDD.Sprint0.Task2.V0.csproj" Id="8a2b0b4e-7747-4321-a071-eab39b4665c6" />
  </Folder>
  <Folder Name="/Task3/">
    <Project Path="Tyuiu.LuzinDD.Sprint0.Task3.V0.Lib/Tyuiu.LuzinDD.Sprint0.Task3.V0.Lib.csproj" Id="2e1fcf0c-c676-4bc2-9508-68887c364630" />
    <Project Path="Tyuiu.LuzinDD.Sprint0.Task3.V0.Test/Tyuiu.LuzinDD.Sprint0.Task3.V0.Test.csproj" Id="8eb064f3-4b3f-4ea9-bc96-09187c081050" />
    <Project Path="Tyuiu.LuzinDD.Sprint0.Task3.V0/Tyuiu.LuzinDD.Sprint0.Task3.V0.csproj" Id="036916c1-976c-4967-8309-208d0d45eba5" />
  </Folder>
  <Folder Name="/Task4/">
    <Project Path="Tyuiu.LuzinDD.Sprint0.Task4.V0.Lib/Tyuiu.LuzinDD.Sprint0.Task4.V0.Lib.csproj" Id="a895ed74-4773-4ba1-8d79-8cfff6aed8e7" />
    <Project Path="Tyuiu.LuzinDD.Sprint0.Task4.V0.Test/Tyuiu.LuzinDD.Sprint0.Task4.V0.Test.csproj" Id="7973fd00-26b3-4fe6-97f8-1408e1ef4b93" />
    <Project Path="Tyuiu.LuzinDD.Sprint0.Task4.V0/Tyuiu.LuzinDD.Sprint0.Task4.V0.csproj" Id="e22ed42b-3ac5-42fd-aa50-51e6529f479e" />
  </Folder>
</Solution>
